
Microsoft Visual Studio Solution File, Format Version 12.00
# Visual Studio 15
VisualStudioVersion = 15.0.27703.2042
MinimumVisualStudioVersion = 10.0.40219.1
Project("{FAE04EC0-301F-11D3-BF4B-00C04F79EFBC}") = "AspNetWebFormsOkta", "AspNetWebFormsOkta\AspNetWebFormsOkta.csproj", "{8BD73074-7330-4EAA-BBE4-98B508E44306}"
EndProject
Global
	GlobalSection(SolutionConfigurationPlatforms) = preSolution
		Debug|Any CPU = Debug|Any CPU
		Release|Any CPU = Release|Any CPU
	EndGlobalSection
	GlobalSection(ProjectConfigurationPlatforms) = postSolution
		{8BD73074-7330-4EAA-BBE4-98B508E44306}.Debug|Any CPU.ActiveCfg = Debug|Any CPU
		{8BD73074-7330-4EAA-BBE4-98B508E44306}.Debug|Any CPU.Build.0 = Debug|Any CPU
		{8BD73074-7330-4EAA-BBE4-98B508E44306}.Release|Any CPU.ActiveCfg = Release|Any CPU
		{8BD73074-7330-4EAA-BBE4-98B508E44306}.Release|Any CPU.Build.0 = Release|Any CPU
	EndGlobalSection
	GlobalSection(SolutionProperties) = preSolution
		HideSolutionNode = FALSE
	EndGlobalSection
	GlobalSection(ExtensibilityGlobals) = postSolution
		SolutionGuid = {6E4F8C38-C11F-4AFF-8366-C1399555BD84}
	EndGlobalSection
EndGlobal
